
Microsoft Visual Studio Solution File, Format Version 12.00
# Visual Studio Version 17
VisualStudioVersion = 17.7.34221.43
MinimumVisualStudioVersion = 10.0.40219.1
Project("{FAE04EC0-301F-11D3-BF4B-00C04F79EFBC}") = "Client", "Client\Client.csproj", "{6E05276F-6C7A-4204-B94B-D33BD5D7D23A}"
EndProject
Global
	GlobalSection(SolutionConfigurationPlatforms) = preSolution
		Debug|Any CPU = Debug|Any CPU
		Release|Any CPU = Release|Any CPU
	EndGlobalSection
	GlobalSection(ProjectConfigurationPlatforms) = postSolution
		{6E05276F-6C7A-4204-B94B-D33BD5D7D23A}.Debug|Any CPU.ActiveCfg = Debug|Any CPU
		{6E05276F-6C7A-4204-B94B-D33BD5D7D23A}.Debug|Any CPU.Build.0 = Debug|Any CPU
		{6E05276F-6C7A-4204-B94B-D33BD5D7D23A}.Release|Any CPU.ActiveCfg = Release|Any CPU
		{6E05276F-6C7A-4204-B94B-D33BD5D7D23A}.Release|Any CPU.Build.0 = Release|Any CPU
	EndGlobalSection
	GlobalSection(SolutionProperties) = preSolution
		HideSolutionNode = FALSE
	EndGlobalSection
	GlobalSection(ExtensibilityGlobals) = postSolution
		SolutionGuid = {05061F5C-A59C-457E-B34E-A78F9B2DD13A}
	EndGlobalSection
EndGlobal
