
Microsoft Visual Studio Solution File, Format Version 12.00
# Visual Studio Version 17
VisualStudioVersion = 17.10.34607.79
MinimumVisualStudioVersion = 10.0.40219.1
Project("{FAE04EC0-301F-11D3-BF4B-00C04F79EFBC}") = "WebcamSender", "WebcamSender.csproj", "{D1A36B6A-6207-46D8-BD72-DE34E5DDD34B}"
EndProject
Global
	GlobalSection(SolutionConfigurationPlatforms) = preSolution
		Debug|Any CPU = Debug|Any CPU
		Release|Any CPU = Release|Any CPU
	EndGlobalSection
	GlobalSection(ProjectConfigurationPlatforms) = postSolution
		{D1A36B6A-6207-46D8-BD72-DE34E5DDD34B}.Debug|Any CPU.ActiveCfg = Debug|Any CPU
		{D1A36B6A-6207-46D8-BD72-DE34E5DDD34B}.Debug|Any CPU.Build.0 = Debug|Any CPU
		{D1A36B6A-6207-46D8-BD72-DE34E5DDD34B}.Release|Any CPU.ActiveCfg = Release|Any CPU
		{D1A36B6A-6207-46D8-BD72-DE34E5DDD34B}.Release|Any CPU.Build.0 = Release|Any CPU
	EndGlobalSection
	GlobalSection(SolutionProperties) = preSolution
		HideSolutionNode = FALSE
	EndGlobalSection
	GlobalSection(ExtensibilityGlobals) = postSolution
		SolutionGuid = {D72209A3-DF9D-45DE-902B-F622CED89F64}
	EndGlobalSection
EndGlobal
